Microsoft Visual Studio Solution File, Format Version 12.00
# Visual Studio Version 17
VisualStudioVersion = 17.5.2.0
MinimumVisualStudioVersion = 10.0.40219.1
Project("{FAE04EC0-301F-11D3-BF4B-00C04F79EFBC}") = "EmployeeManagementWeb", "EmployeeManagementWeb.csproj", "{4AC1C622-5EEE-18DF-8E3B-BEB5B33DF0A4}"
EndProject
Global
	GlobalSection(SolutionConfigurationPlatforms) = preSolution
		Debug|Any CPU = Debug|Any CPU
		Release|Any CPU = Release|Any CPU
	EndGlobalSection
	GlobalSection(ProjectConfigurationPlatforms) = postSolution
		{4AC1C622-5EEE-18DF-8E3B-BEB5B33DF0A4}.Debug|Any CPU.ActiveCfg = Debug|Any CPU
		{4AC1C622-5EEE-18DF-8E3B-BEB5B33DF0A4}.Debug|Any CPU.Build.0 = Debug|Any CPU
		{4AC1C622-5EEE-18DF-8E3B-BEB5B33DF0A4}.Release|Any CPU.ActiveCfg = Release|Any CPU
		{4AC1C622-5EEE-18DF-8E3B-BEB5B33DF0A4}.Release|Any CPU.Build.0 = Release|Any CPU
	EndGlobalSection
	GlobalSection(SolutionProperties) = preSolution
		HideSolutionNode = FALSE
	EndGlobalSection
	GlobalSection(ExtensibilityGlobals) = postSolution
		SolutionGuid = {F807A00F-E7C0-42DF-8717-58BD7D46C908}
	EndGlobalSection
EndGlobal
